
Microsoft Visual Studio Solution File, Format Version 12.00
# Visual Studio 15
VisualStudioVersion = 15.0.27703.2042
MinimumVisualStudioVersion = 10.0.40219.1
Project("{FAE04EC0-301F-11D3-BF4B-00C04F79EFBC}") = "MyWebApp", "MyWebApp\MyWebApp.csproj", "{FC636DF5-F6E3-4C88-875F-1DF1CC41FAE8}"
EndProject
Global
	GlobalSection(SolutionConfigurationPlatforms) = preSolution
		Debug|Any CPU = Debug|Any CPU
		Release|Any CPU = Release|Any CPU
	EndGlobalSection
	GlobalSection(ProjectConfigurationPlatforms) = postSolution
		{FC636DF5-F6E3-4C88-875F-1DF1CC41FAE8}.Debug|Any CPU.ActiveCfg = Debug|Any CPU
		{FC636DF5-F6E3-4C88-875F-1DF1CC41FAE8}.Debug|Any CPU.Build.0 = Debug|Any CPU
		{FC636DF5-F6E3-4C88-875F-1DF1CC41FAE8}.Release|Any CPU.ActiveCfg = Release|Any CPU
		{FC636DF5-F6E3-4C88-875F-1DF1CC41FAE8}.Release|Any CPU.Build.0 = Release|Any CPU
	EndGlobalSection
	GlobalSection(SolutionProperties) = preSolution
		HideSolutionNode = FALSE
	EndGlobalSection
	GlobalSection(ExtensibilityGlobals) = postSolution
		SolutionGuid = {7B398396-93FB-4E63-A123-5DF3CA305EFE}
	EndGlobalSection
EndGlobal
