
Microsoft Visual Studio Solution File, Format Version 12.00
# Visual Studio 2012
Project("{FAE04EC0-301F-11D3-BF4B-00C04F79EFBC}") = "ReadFromFile", "ReadFromFile\ReadFromFile.csproj", "{B49B5C9B-DECB-4672-A408-1B708BDEBD4A}"
EndProject
Global
	GlobalSection(SolutionConfigurationPlatforms) = preSolution
		Debug|Any CPU = Debug|Any CPU
		Release|Any CPU = Release|Any CPU
	EndGlobalSection
	GlobalSection(ProjectConfigurationPlatforms) = postSolution
		{B49B5C9B-DECB-4672-A408-1B708BDEBD4A}.Debug|Any CPU.ActiveCfg = Debug|Any CPU
		{B49B5C9B-DECB-4672-A408-1B708BDEBD4A}.Debug|Any CPU.Build.0 = Debug|Any CPU
		{B49B5C9B-DECB-4672-A408-1B708BDEBD4A}.Release|Any CPU.ActiveCfg = Release|Any CPU
		{B49B5C9B-DECB-4672-A408-1B708BDEBD4A}.Release|Any CPU.Build.0 = Release|Any CPU
	EndGlobalSection
EndGlobal
